Microsoft Visual Studio Solution File, Format Version 12.00
# Visual Studio Version 17
VisualStudioVersion = 17.0.31903.59
MinimumVisualStudioVersion = 10.0.40219.1
Project("{8BC9CEB8-8B4A-11D0-8D11-00A0C91BC942}") = "PasteToFileCommon", "src\PasteToFileCommon\PasteToFileCommon.vcxproj", "{A6B3BB2B-2F0F-4C7C-9E5E-4E2D0DF0B4C3}"
EndProject
Project("{8BC9CEB8-8B4A-11D0-8D11-00A0C91BC942}") = "PasteToFileHelper", "src\PasteToFileHelper\PasteToFileHelper.vcxproj", "{3D4F1A7D-7D7C-4E5A-9D1F-ADBE6B6B6B10}"
EndProject
Project("{8BC9CEB8-8B4A-11D0-8D11-00A0C91BC942}") = "PasteToFileShellExt", "src\PasteToFileShellExt\PasteToFileShellExt.vcxproj", "{E1B0A86F-7A60-4E9A-9D89-92A6B3B2E420}"
EndProject
Project("{930C7802-8A8C-48F9-8165-68863BCCD9DD}") = "PasteToFileInstaller", "installer\PasteToFileInstaller.wixproj", "{B0C0B1B3-8F3B-4C83-AE95-273B5F0A0BCF}"
EndProject
Project("{930C7802-8A8C-48F9-8165-68863BCCD9DD}") = "PasteToFileSetup", "installer\PasteToFileSetup.wixproj", "{0E5878B4-A717-4690-AE77-1FE36DBE3983}"
EndProject
Global
	GlobalSection(SolutionConfigurationPlatforms) = preSolution
		Debug|x64 = Debug|x64
		Release|x64 = Release|x64
	EndGlobalSection
	GlobalSection(ProjectConfigurationPlatforms) = postSolution
		{A6B3BB2B-2F0F-4C7C-9E5E-4E2D0DF0B4C3}.Debug|x64.ActiveCfg = Debug|x64
		{A6B3BB2B-2F0F-4C7C-9E5E-4E2D0DF0B4C3}.Debug|x64.Build.0 = Debug|x64
		{A6B3BB2B-2F0F-4C7C-9E5E-4E2D0DF0B4C3}.Release|x64.ActiveCfg = Release|x64
		{A6B3BB2B-2F0F-4C7C-9E5E-4E2D0DF0B4C3}.Release|x64.Build.0 = Release|x64

		{3D4F1A7D-7D7C-4E5A-9D1F-ADBE6B6B6B10}.Debug|x64.ActiveCfg = Debug|x64
		{3D4F1A7D-7D7C-4E5A-9D1F-ADBE6B6B6B10}.Debug|x64.Build.0 = Debug|x64
		{3D4F1A7D-7D7C-4E5A-9D1F-ADBE6B6B6B10}.Release|x64.ActiveCfg = Release|x64
		{3D4F1A7D-7D7C-4E5A-9D1F-ADBE6B6B6B10}.Release|x64.Build.0 = Release|x64

		{E1B0A86F-7A60-4E9A-9D89-92A6B3B2E420}.Debug|x64.ActiveCfg = Debug|x64
		{E1B0A86F-7A60-4E9A-9D89-92A6B3B2E420}.Debug|x64.Build.0 = Debug|x64
		{E1B0A86F-7A60-4E9A-9D89-92A6B3B2E420}.Release|x64.ActiveCfg = Release|x64
		{E1B0A86F-7A60-4E9A-9D89-92A6B3B2E420}.Release|x64.Build.0 = Release|x64

		{B0C0B1B3-8F3B-4C83-AE95-273B5F0A0BCF}.Debug|x64.ActiveCfg = Debug|x64
		{B0C0B1B3-8F3B-4C83-AE95-273B5F0A0BCF}.Debug|x64.Build.0 = Debug|x64
		{B0C0B1B3-8F3B-4C83-AE95-273B5F0A0BCF}.Release|x64.ActiveCfg = Release|x64
		{B0C0B1B3-8F3B-4C83-AE95-273B5F0A0BCF}.Release|x64.Build.0 = Release|x64

		{0E5878B4-A717-4690-AE77-1FE36DBE3983}.Debug|x64.ActiveCfg = Debug|x64
		{0E5878B4-A717-4690-AE77-1FE36DBE3983}.Debug|x64.Build.0 = Debug|x64
		{0E5878B4-A717-4690-AE77-1FE36DBE3983}.Release|x64.ActiveCfg = Release|x64
		{0E5878B4-A717-4690-AE77-1FE36DBE3983}.Release|x64.Build.0 = Release|x64
	EndGlobalSection
	GlobalSection(SolutionProperties) = preSolution
		HideSolutionNode = FALSE
	EndGlobalSection
EndGlobal
